// !$*UTF8*$!
{
	archiveVersion = 1;
	classes = {
	};
	objectVersion = 56;
	objects = {

/* Begin PBXBuildFile section */
		088BC2B92A5F807E00FEEDD7 /* Music_TrackerApp.swift in Sources */ = {isa = PBXBuildFile; fileRef = 088BC2B82A5F807E00FEEDD7 /* Music_TrackerApp.swift */; };
		088BC2BB2A5F807E00FEEDD7 /* ContentView.swift in Sources */ = {isa = PBXBuildFile; fileRef = 088BC2BA2A5F807E00FEEDD7 /* ContentView.swift */; };
		088BC2BD2A5F807F00FEEDD7 /* Assets.xcassets in Resources */ = {isa = PBXBuildFile; fileRef = 088BC2BC2A5F807F00FEEDD7 /* Assets.xcassets */; };
		088BC2C02A5F807F00FEEDD7 /* Preview Assets.xcassets in Resources */ = {isa = PBXBuildFile; fileRef = 088BC2BF2A5F807F00FEEDD7 /* Preview Assets.xcassets */; };
		088BC2CA2A5F807F00FEEDD7 /* Music_TrackerTests.swift in Sources */ = {isa = PBXBuildFile; fileRef = 088BC2C92A5F807F00FEEDD7 /* Music_TrackerTests.swift */; };
		088BC2D42A5F807F00FEEDD7 /* Music_TrackerUITests.swift in Sources */ = {isa = PBXBuildFile; fileRef = 088BC2D32A5F807F00FEEDD7 /* Music_TrackerUITests.swift */; };
		088BC2D62A5F807F00FEEDD7 /* Music_TrackerUITestsLaunchTests.swift in Sources */ = {isa = PBXBuildFile; fileRef = 088BC2D52A5F807F00FEEDD7 /* Music_TrackerUITestsLaunchTests.swift */; };
		088BC2E42A5F819700FEEDD7 /* MainView.swift in Sources */ = {isa = PBXBuildFile; fileRef = 088BC2E32A5F819700FEEDD7 /* MainView.swift */; };
		088BC2E62A5F81FF00FEEDD7 /* LandingPage.swift in Sources */ = {isa = PBXBuildFile; fileRef = 088BC2E52A5F81FF00FEEDD7 /* LandingPage.swift */; };
		088BC2E82A5F8B2300FEEDD7 /* AppState.swift in Sources */ = {isa = PBXBuildFile; fileRef = 088BC2E72A5F8B2300FEEDD7 /* AppState.swift */; };
/* End PBXBuildFile section */

/* Begin PBXContainerItemProxy section */
		088BC2C62A5F807F00FEEDD7 /* PBXContainerItemProxy */ = {
			isa = PBXContainerItemProxy;
			containerPortal = 088BC2AD2A5F807E00FEEDD7 /* Project object */;
			proxyType = 1;
			remoteGlobalIDString = 088BC2B42A5F807E00FEEDD7;
			remoteInfo = "Music Tracker";
		};
		088BC2D02A5F807F00FEEDD7 /* PBXContainerItemProxy */ = {
			isa = PBXContainerItemProxy;
			containerPortal = 088BC2AD2A5F807E00FEEDD7 /* Project object */;
			proxyType = 1;
			remoteGlobalIDString = 088BC2B42A5F807E00FEEDD7;
			remoteInfo = "Music Tracker";
		};
/* End PBXContainerItemProxy section */

/* Begin PBXFileReference section */
		088BC2B52A5F807E00FEEDD7 /* Music Tracker.app */ = {isa = PBXFileReference; explicitFileType = wrapper.application; includeInIndex = 0; path = "Music Tracker.app"; sourceTree = BUILT_PRODUCTS_DIR; };
		088BC2B82A5F807E00FEEDD7 /* Music_TrackerApp.swift */ = {isa = PBXFileReference; lastKnownFileType = sourcecode.swift; path = Music_TrackerApp.swift; sourceTree = "<group>"; };
		088BC2BA2A5F807E00FEEDD7 /* ContentView.swift */ = {isa = PBXFileReference; lastKnownFileType = sourcecode.swift; path = ContentView.swift; sourceTree = "<group>"; };
		088BC2BC2A5F807F00FEEDD7 /* Assets.xcassets */ = {isa = PBXFileReference; lastKnownFileType = folder.assetcatalog; path = Assets.xcassets; sourceTree = "<group>"; };
		088BC2BF2A5F807F00FEEDD7 /* Preview Assets.xcassets */ = {isa = PBXFileReference; lastKnownFileType = folder.assetcatalog; path = "Preview Assets.xcassets"; sourceTree = "<group>"; };
		088BC2C52A5F807F00FEEDD7 /* Music TrackerTests.xctest */ = {isa = PBXFileReference; explicitFileType = wrapper.cfbundle; includeInIndex = 0; path = "Music TrackerTests.xctest"; sourceTree = BUILT_PRODUCTS_DIR; };
		088BC2C92A5F807F00FEEDD7 /* Music_TrackerTests.swift */ = {isa = PBXFileReference; lastKnownFileType = sourcecode.swift; path = Music_TrackerTests.swift; sourceTree = "<group>"; };
		088BC2CF2A5F807F00FEEDD7 /* Music TrackerUITests.xctest */ = {isa = PBXFileReference; explicitFileType = wrapper.cfbundle; includeInIndex = 0; path = "Music TrackerUITests.xctest"; sourceTree = BUILT_PRODUCTS_DIR; };
		088BC2D32A5F807F00FEEDD7 /* Music_TrackerUITests.swift */ = {isa = PBXFileReference; lastKnownFileType = sourcecode.swift; path = Music_TrackerUITests.swift; sourceTree = "<group>"; };
		088BC2D52A5F807F00FEEDD7 /* Music_TrackerUITestsLaunchTests.swift */ = {isa = PBXFileReference; lastKnownFileType = sourcecode.swift; path = Music_TrackerUITestsLaunchTests.swift; sourceTree = "<group>"; };
		088BC2E32A5F819700FEEDD7 /* MainView.swift */ = {isa = PBXFileReference; lastKnownFileType = sourcecode.swift; path = MainView.swift; sourceTree = "<group>"; };
		088BC2E52A5F81FF00FEEDD7 /* LandingPage.swift */ = {isa = PBXFileReference; lastKnownFileType = sourcecode.swift; path = LandingPage.swift; sourceTree = "<group>"; };
		088BC2E72A5F8B2300FEEDD7 /* AppState.swift */ = {isa = PBXFileReference; lastKnownFileType = sourcecode.swift; path = AppState.swift; sourceTree = "<group>"; };
		088BC2E92A5F921600FEEDD7 /* Music-Tracker-Info.plist */ = {isa = PBXFileReference; lastKnownFileType = text.plist; path = "Music-Tracker-Info.plist"; sourceTree = SOURCE_ROOT; };
/* End PBXFileReference section */

/* Begin PBXFrameworksBuildPhase section */
		088BC2B22A5F807E00FEEDD7 /* Frameworks */ = {
			isa = PBXFrameworksBuildPhase;
			buildActionMask = 2147483647;
			files = (
			);
			runOnlyForDeploymentPostprocessing = 0;
		};
		088BC2C22A5F807F00FEEDD7 /* Frameworks */ = {
			isa = PBXFrameworksBuildPhase;
			buildActionMask = 2147483647;
			files = (
			);
			runOnlyForDeploymentPostprocessing = 0;
		};
		088BC2CC2A5F807F00FEEDD7 /* Frameworks */ = {
			isa = PBXFrameworksBuildPhase;
			buildActionMask = 2147483647;
			files = (
			);
			runOnlyForDeploymentPostprocessing = 0;
		};
/* End PBXFrameworksBuildPhase section */

/* Begin PBXGroup section */
		088BC2AC2A5F807E00FEEDD7 = {
			isa = PBXGroup;
			children = (
				088BC2B72A5F807E00FEEDD7 /* Music Tracker */,
				088BC2C82A5F807F00FEEDD7 /* Music TrackerTests */,
				088BC2D22A5F807F00FEEDD7 /* Music TrackerUITests */,
				088BC2B62A5F807E00FEEDD7 /* Products */,
			);
			sourceTree = "<group>";
		};
		088BC2B62A5F807E00FEEDD7 /* Products */ = {
			isa = PBXGroup;
			children = (
				088BC2B52A5F807E00FEEDD7 /* Music Tracker.app */,
				088BC2C52A5F807F00FEEDD7 /* Music TrackerTests.xctest */,
				088BC2CF2A5F807F00FEEDD7 /* Music TrackerUITests.xctest */,
			);
			name = Products;
			sourceTree = "<group>";
		};
		088BC2B72A5F807E00FEEDD7 /* Music Tracker */ = {
			isa = PBXGroup;
			children = (
				088BC2E92A5F921600FEEDD7 /* Music-Tracker-Info.plist */,
				088BC2E22A5F817000FEEDD7 /* Views */,
				088BC2B82A5F807E00FEEDD7 /* Music_TrackerApp.swift */,
				088BC2BA2A5F807E00FEEDD7 /* ContentView.swift */,
				088BC2BC2A5F807F00FEEDD7 /* Assets.xcassets */,
				088BC2BE2A5F807F00FEEDD7 /* Preview Content */,
			);
			path = "Music Tracker";
			sourceTree = "<group>";
		};
		088BC2BE2A5F807F00FEEDD7 /* Preview Content */ = {
			isa = PBXGroup;
			children = (
				088BC2BF2A5F807F00FEEDD7 /* Preview Assets.xcassets */,
			);
			path = "Preview Content";
			sourceTree = "<group>";
		};
		088BC2C82A5F807F00FEEDD7 /* Music TrackerTests */ = {
			isa = PBXGroup;
			children = (
				088BC2C92A5F807F00FEEDD7 /* Music_TrackerTests.swift */,
			);
			path = "Music TrackerTests";
			sourceTree = "<group>";
		};
		088BC2D22A5F807F00FEEDD7 /* Music TrackerUITests */ = {
			isa = PBXGroup;
			children = (
				088BC2D32A5F807F00FEEDD7 /* Music_TrackerUITests.swift */,
				088BC2D52A5F807F00FEEDD7 /* Music_TrackerUITestsLaunchTests.swift */,
			);
			path = "Music TrackerUITests";
			sourceTree = "<group>";
		};
		088BC2E22A5F817000FEEDD7 /* Views */ = {
			isa = PBXGroup;
			children = (
				088BC2E32A5F819700FEEDD7 /* MainView.swift */,
				088BC2E52A5F81FF00FEEDD7 /* LandingPage.swift */,
				088BC2E72A5F8B2300FEEDD7 /* AppState.swift */,
			);
			path = Views;
			sourceTree = "<group>";
		};
/* End PBXGroup section */

/* Begin PBXNativeTarget section */
		088BC2B42A5F807E00FEEDD7 /* Music Tracker */ = {
			isa = PBXNativeTarget;
			buildConfigurationList = 088BC2D92A5F807F00FEEDD7 /* Build configuration list for PBXNativeTarget "Music Tracker" */;
			buildPhases = (
				088BC2B12A5F807E00FEEDD7 /* Sources */,
				088BC2B22A5F807E00FEEDD7 /* Frameworks */,
				088BC2B32A5F807E00FEEDD7 /* Resources */,
			);
			buildRules = (
			);
			dependencies = (
			);
			name = "Music Tracker";
			productName = "Music Tracker";
			productReference = 088BC2B52A5F807E00FEEDD7 /* Music Tracker.app */;
			productType = "com.apple.product-type.application";
		};
		088BC2C42A5F807F00FEEDD7 /* Music TrackerTests */ = {
			isa = PBXNativeTarget;
			buildConfigurationList = 088BC2DC2A5F807F00FEEDD7 /* Build configuration list for PBXNativeTarget "Music TrackerTests" */;
			buildPhases = (
				088BC2C12A5F807F00FEEDD7 /* Sources */,
				088BC2C22A5F807F00FEEDD7 /* Frameworks */,
				088BC2C32A5F807F00FEEDD7 /* Resources */,
			);
			buildRules = (
			);
			dependencies = (
				088BC2C72A5F807F00FEEDD7 /* PBXTargetDependency */,
			);
			name = "Music TrackerTests";
			productName = "Music TrackerTests";
			productReference = 088BC2C52A5F807F00FEEDD7 /* Music TrackerTests.xctest */;
			productType = "com.apple.product-type.bundle.unit-test";
		};
		088BC2CE2A5F807F00FEEDD7 /* Music TrackerUITests */ = {
			isa = PBXNativeTarget;
			buildConfigurationList = 088BC2DF2A5F807F00FEEDD7 /* Build configuration list for PBXNativeTarget "Music TrackerUITests" */;
			buildPhases = (
				088BC2CB2A5F807F00FEEDD7 /* Sources */,
				088BC2CC2A5F807F00FEEDD7 /* Frameworks */,
				088BC2CD2A5F807F00FEEDD7 /* Resources */,
			);
			buildRules = (
			);
			dependencies = (
				088BC2D12A5F807F00FEEDD7 /* PBXTargetDependency */,
			);
			name = "Music TrackerUITests";
			productName = "Music TrackerUITests";
			productReference = 088BC2CF2A5F807F00FEEDD7 /* Music TrackerUITests.xctest */;
			productType = "com.apple.product-type.bundle.ui-testing";
		};
/* End PBXNativeTarget section */

/* Begin PBXProject section */
		088BC2AD2A5F807E00FEEDD7 /* Project object */ = {
			isa = PBXProject;
			attributes = {
				BuildIndependentTargetsInParallel = 1;
				LastSwiftUpdateCheck = 1430;
				LastUpgradeCheck = 1430;
				TargetAttributes = {
					088BC2B42A5F807E00FEEDD7 = {
						CreatedOnToolsVersion = 14.3.1;
					};
					088BC2C42A5F807F00FEEDD7 = {
						CreatedOnToolsVersion = 14.3.1;
						TestTargetID = 088BC2B42A5F807E00FEEDD7;
					};
					088BC2CE2A5F807F00FEEDD7 = {
						CreatedOnToolsVersion = 14.3.1;
						TestTargetID = 088BC2B42A5F807E00FEEDD7;
					};
				};
			};
			buildConfigurationList = 088BC2B02A5F807E00FEEDD7 /* Build configuration list for PBXProject "Music Tracker" */;
			compatibilityVersion = "Xcode 14.0";
			developmentRegion = en;
			hasScannedForEncodings = 0;
			knownRegions = (
				en,
				Base,
			);
			mainGroup = 088BC2AC2A5F807E00FEEDD7;
			productRefGroup = 088BC2B62A5F807E00FEEDD7 /* Products */;
			projectDirPath = "";
			projectRoot = "";
			targets = (
				088BC2B42A5F807E00FEEDD7 /* Music Tracker */,
				088BC2C42A5F807F00FEEDD7 /* Music TrackerTests */,
				088BC2CE2A5F807F00FEEDD7 /* Music TrackerUITests */,
			);
		};
/* End PBXProject section */

/* Begin PBXResourcesBuildPhase section */
		088BC2B32A5F807E00FEEDD7 /* Resources */ = {
			isa = PBXResourcesBuildPhase;
			buildActionMask = 2147483647;
			files = (
				088BC2C02A5F807F00FEEDD7 /* Preview Assets.xcassets in Resources */,
				088BC2BD2A5F807F00FEEDD7 /* Assets.xcassets in Resources */,
			);
			runOnlyForDeploymentPostprocessing = 0;
		};
		088BC2C32A5F807F00FEEDD7 /* Resources */ = {
			isa = PBXResourcesBuildPhase;
			buildActionMask = 2147483647;
			files = (
			);
			runOnlyForDeploymentPostprocessing = 0;
		};
		088BC2CD2A5F807F00FEEDD7 /* Resources */ = {
			isa = PBXResourcesBuildPhase;
			buildActionMask = 2147483647;
			files = (
			);
			runOnlyForDeploymentPostprocessing = 0;
		};
/* End PBXResourcesBuildPhase section */

/* Begin PBXSourcesBuildPhase section */
		088BC2B12A5F807E00FEEDD7 /* Sources */ = {
			isa = PBXSourcesBuildPhase;
			buildActionMask = 2147483647;
			files = (
				088BC2BB2A5F807E00FEEDD7 /* ContentView.swift in Sources */,
				088BC2E82A5F8B2300FEEDD7 /* AppState.swift in Sources */,
				088BC2E42A5F819700FEEDD7 /* MainView.swift in Sources */,
				088BC2E62A5F81FF00FEEDD7 /* LandingPage.swift in Sources */,
				088BC2B92A5F807E00FEEDD7 /* Music_TrackerApp.swift in Sources */,
			);
			runOnlyForDeploymentPostprocessing = 0;
		};
		088BC2C12A5F807F00FEEDD7 /* Sources */ = {
			isa = PBXSourcesBuildPhase;
			buildActionMask = 2147483647;
			files = (
				088BC2CA2A5F807F00FEEDD7 /* Music_TrackerTests.swift in Sources */,
			);
			runOnlyForDeploymentPostprocessing = 0;
		};
		088BC2CB2A5F807F00FEEDD7 /* Sources */ = {
			isa = PBXSourcesBuildPhase;
			buildActionMask = 2147483647;
			files = (
				088BC2D42A5F807F00FEEDD7 /* Music_TrackerUITests.swift in Sources */,
				088BC2D62A5F807F00FEEDD7 /* Music_TrackerUITestsLaunchTests.swift in Sources */,
			);
			runOnlyForDeploymentPostprocessing = 0;
		};
/* End PBXSourcesBuildPhase section */

/* Begin PBXTargetDependency section */
		088BC2C72A5F807F00FEEDD7 /* PBXTargetDependency */ = {
			isa = PBXTargetDependency;
			target = 088BC2B42A5F807E00FEEDD7 /* Music Tracker */;
			targetProxy = 088BC2C62A5F807F00FEEDD7 /* PBXContainerItemProxy */;
		};
		088BC2D12A5F807F00FEEDD7 /* PBXTargetDependency */ = {
			isa = PBXTargetDependency;
			target = 088BC2B42A5F807E00FEEDD7 /* Music Tracker */;
			targetProxy = 088BC2D02A5F807F00FEEDD7 /* PBXContainerItemProxy */;
		};
/* End PBXTargetDependency section */

/* Begin XCBuildConfiguration section */
		088BC2D72A5F807F00FEEDD7 /* Debug */ = {
			isa = XCBuildConfiguration;
			buildSettings = {
				ALWAYS_SEARCH_USER_PATHS = NO;
				CLANG_ANALYZER_NONNULL = YES;
				CLANG_ANALYZER_NUMBER_OBJECT_CONVERSION = YES_AGGRESSIVE;
				CLANG_CXX_LANGUAGE_STANDARD = "gnu++20";
				CLANG_ENABLE_MODULES = YES;
				CLANG_ENABLE_OBJC_ARC = YES;
				CLANG_ENABLE_OBJC_WEAK = YES;
				CLANG_WARN_BLOCK_CAPTURE_AUTORELEASING = YES;
				CLANG_WARN_BOOL_CONVERSION = YES;
				CLANG_WARN_COMMA = YES;
				CLANG_WARN_CONSTANT_CONVERSION = YES;
				CLANG_WARN_DEPRECATED_OBJC_IMPLEMENTATIONS = YES;
				CLANG_WARN_DIRECT_OBJC_ISA_USAGE = YES_ERROR;
				CLANG_WARN_DOCUMENTATION_COMMENTS = YES;
				CLANG_WARN_EMPTY_BODY = YES;
				CLANG_WARN_ENUM_CONVERSION = YES;
				CLANG_WARN_INFINITE_RECURSION = YES;
				CLANG_WARN_INT_CONVERSION = YES;
				CLANG_WARN_NON_LITERAL_NULL_CONVERSION = YES;
				CLANG_WARN_OBJC_IMPLICIT_RETAIN_SELF = YES;
				CLANG_WARN_OBJC_LITERAL_CONVERSION = YES;
				CLANG_WARN_OBJC_ROOT_CLASS = YES_ERROR;
				CLANG_WARN_QUOTED_INCLUDE_IN_FRAMEWORK_HEADER = YES;
				CLANG_WARN_RANGE_LOOP_ANALYSIS = YES;
				CLANG_WARN_STRICT_PROTOTYPES = YES;
				CLANG_WARN_SUSPICIOUS_MOVE = YES;
				CLANG_WARN_UNGUARDED_AVAILABILITY = YES_AGGRESSIVE;
				CLANG_WARN_UNREACHABLE_CODE = YES;
				CLANG_WARN__DUPLICATE_METHOD_MATCH = YES;
				COPY_PHASE_STRIP = NO;
				DEBUG_INFORMATION_FORMAT = dwarf;
				ENABLE_STRICT_OBJC_MSGSEND = YES;
				ENABLE_TESTABILITY = YES;
				GCC_C_LANGUAGE_STANDARD = gnu11;
				GCC_DYNAMIC_NO_PIC = NO;
				GCC_NO_COMMON_BLOCKS = YES;
				GCC_OPTIMIZATION_LEVEL = 0;
				GCC_PREPROCESSOR_DEFINITIONS = (
					"DEBUG=1",
					"$(inherited)",
				);
				GCC_WARN_64_TO_32_BIT_CONVERSION = YES;
				GCC_WARN_ABOUT_RETURN_TYPE = YES_ERROR;
				GCC_WARN_UNDECLARED_SELECTOR = YES;
				GCC_WARN_UNINITIALIZED_AUTOS = YES_AGGRESSIVE;
				GCC_WARN_UNUSED_FUNCTION = YES;
				GCC_WARN_UNUSED_VARIABLE = YES;
				IPHONEOS_DEPLOYMENT_TARGET = 16.4;
				MTL_ENABLE_DEBUG_INFO = INCLUDE_SOURCE;
				MTL_FAST_MATH = YES;
				ONLY_ACTIVE_ARCH = YES;
				SDKROOT = iphoneos;
				SWIFT_ACTIVE_COMPILATION_CONDITIONS = DEBUG;
				SWIFT_OPTIMIZATION_LEVEL = "-Onone";
			};
			name = Debug;
		};
		088BC2D82A5F807F00FEEDD7 /* Release */ = {
			isa = XCBuildConfiguration;
			buildSettings = {
				ALWAYS_SEARCH_USER_PATHS = NO;
				CLANG_ANALYZER_NONNULL = YES;
				CLANG_ANALYZER_NUMBER_OBJECT_CONVERSION = YES_AGGRESSIVE;
				CLANG_CXX_LANGUAGE_STANDARD = "gnu++20";
				CLANG_ENABLE_MODULES = YES;
				CLANG_ENABLE_OBJC_ARC = YES;
				CLANG_ENABLE_OBJC_WEAK = YES;
				CLANG_WARN_BLOCK_CAPTURE_AUTORELEASING = YES;
				CLANG_WARN_BOOL_CONVERSION = YES;
				CLANG_WARN_COMMA = YES;
				CLANG_WARN_CONSTANT_CONVERSION = YES;
				CLANG_WARN_DEPRECATED_OBJC_IMPLEMENTATIONS = YES;
				CLANG_WARN_DIRECT_OBJC_ISA_USAGE = YES_ERROR;
				CLANG_WARN_DOCUMENTATION_COMMENTS = YES;
				CLANG_WARN_EMPTY_BODY = YES;
				CLANG_WARN_ENUM_CONVERSION = YES;
				CLANG_WARN_INFINITE_RECURSION = YES;
				CLANG_WARN_INT_CONVERSION = YES;
				CLANG_WARN_NON_LITERAL_NULL_CONVERSION = YES;
				CLANG_WARN_OBJC_IMPLICIT_RETAIN_SELF = YES;
				CLANG_WARN_OBJC_LITERAL_CONVERSION = YES;
				CLANG_WARN_OBJC_ROOT_CLASS = YES_ERROR;
				CLANG_WARN_QUOTED_INCLUDE_IN_FRAMEWORK_HEADER = YES;
				CLANG_WARN_RANGE_LOOP_ANALYSIS = YES;
				CLANG_WARN_STRICT_PROTOTYPES = YES;
				CLANG_WARN_SUSPICIOUS_MOVE = YES;
				CLANG_WARN_UNGUARDED_AVAILABILITY = YES_AGGRESSIVE;
				CLANG_WARN_UNREACHABLE_CODE = YES;
				CLANG_WARN__DUPLICATE_METHOD_MATCH = YES;
				COPY_PHASE_STRIP = NO;
				DEBUG_INFORMATION_FORMAT = "dwarf-with-dsym";
				ENABLE_NS_ASSERTIONS = NO;
				ENABLE_STRICT_OBJC_MSGSEND = YES;
				GCC_C_LANGUAGE_STANDARD = gnu11;
				GCC_NO_COMMON_BLOCKS = YES;
				GCC_WARN_64_TO_32_BIT_CONVERSION = YES;
				GCC_WARN_ABOUT_RETURN_TYPE = YES_ERROR;
				GCC_WARN_UNDECLARED_SELECTOR = YES;
				GCC_WARN_UNINITIALIZED_AUTOS = YES_AGGRESSIVE;
				GCC_WARN_UNUSED_FUNCTION = YES;
				GCC_WARN_UNUSED_VARIABLE = YES;
				IPHONEOS_DEPLOYMENT_TARGET = 16.4;
				MTL_ENABLE_DEBUG_INFO = NO;
				MTL_FAST_MATH = YES;
				SDKROOT = iphoneos;
				SWIFT_COMPILATION_MODE = wholemodule;
				SWIFT_OPTIMIZATION_LEVEL = "-O";
				VALIDATE_PRODUCT = YES;
			};
			name = Release;
		};
		088BC2DA2A5F807F00FEEDD7 /* Debug */ = {
			isa = XCBuildConfiguration;
			buildSettings = {
				ASSETCATALOG_COMPILER_APPICON_NAME = AppIcon;
				ASSETCATALOG_COMPILER_GLOBAL_ACCENT_COLOR_NAME = AccentColor;
				CODE_SIGN_STYLE = Automatic;
				CURRENT_PROJECT_VERSION = 1;
				DEVELOPMENT_ASSET_PATHS = "\"Music Tracker/Preview Content\"";
				DEVELOPMENT_TEAM = DMN3WLJC44;
				ENABLE_PREVIEWS = YES;
				GENERATE_INFOPLIST_FILE = YES;
				INFOPLIST_FILE = "Music-Tracker-Info.plist";
				INFOPLIST_KEY_NSAppleMusicUsageDescription = "This app will access your media library keep track of your listening history";
				INFOPLIST_KEY_UIApplicationSceneManifest_Generation = YES;
				INFOPLIST_KEY_UIApplicationSupportsIndirectInputEvents = YES;
				INFOPLIST_KEY_UILaunchScreen_Generation = YES;
				INFOPLIST_KEY_UISupportedInterfaceOrientations_iPad = "UIInterfaceOrientationPortrait UIInterfaceOrientationPortraitUpsideDown UIInterfaceOrientationLandscapeLeft UIInterfaceOrientationLandscapeRight";
				INFOPLIST_KEY_UISupportedInterfaceOrientations_iPhone = "UIInterfaceOrientationPortrait UIInterfaceOrientationLandscapeLeft UIInterfaceOrientationLandscapeRight";
				LD_RUNPATH_SEARCH_PATHS = (
					"$(inherited)",
					"@executable_path/Frameworks",
				);
				MARKETING_VERSION = 1.0;
				PRODUCT_BUNDLE_IDENTIFIER = com.Herskovitz.MusicTracker;
				PRODUCT_NAME = "$(TARGET_NAME)";
				SWIFT_EMIT_LOC_STRINGS = YES;
				SWIFT_VERSION = 5.0;
				TARGETED_DEVICE_FAMILY = "1,2";
			};
			name = Debug;
		};
		088BC2DB2A5F807F00FEEDD7 /* Release */ = {
			isa = XCBuildConfiguration;
			buildSettings = {
				ASSETCATALOG_COMPILER_APPICON_NAME = AppIcon;
				ASSETCATALOG_COMPILER_GLOBAL_ACCENT_COLOR_NAME = AccentColor;
				CODE_SIGN_STYLE = Automatic;
				CURRENT_PROJECT_VERSION = 1;
				DEVELOPMENT_ASSET_PATHS = "\"Music Tracker/Preview Content\"";
				DEVELOPMENT_TEAM = DMN3WLJC44;
				ENABLE_PREVIEWS = YES;
				GENERATE_INFOPLIST_FILE = YES;
				INFOPLIST_FILE = "Music-Tracker-Info.plist";
				INFOPLIST_KEY_NSAppleMusicUsageDescription = "This app will access your media library keep track of your listening history";
				INFOPLIST_KEY_UIApplicationSceneManifest_Generation = YES;
				INFOPLIST_KEY_UIApplicationSupportsIndirectInputEvents = YES;
				INFOPLIST_KEY_UILaunchScreen_Generation = YES;
				INFOPLIST_KEY_UISupportedInterfaceOrientations_iPad = "UIInterfaceOrientationPortrait UIInterfaceOrientationPortraitUpsideDown UIInterfaceOrientationLandscapeLeft UIInterfaceOrientationLandscapeRight";
				INFOPLIST_KEY_UISupportedInterfaceOrientations_iPhone = "UIInterfaceOrientationPortrait UIInterfaceOrientationLandscapeLeft UIInterfaceOrientationLandscapeRight";
				LD_RUNPATH_SEARCH_PATHS = (
					"$(inherited)",
					"@executable_path/Frameworks",
				);
				MARKETING_VERSION = 1.0;
				PRODUCT_BUNDLE_IDENTIFIER = com.Herskovitz.MusicTracker;
				PRODUCT_NAME = "$(TARGET_NAME)";
				SWIFT_EMIT_LOC_STRINGS = YES;
				SWIFT_VERSION = 5.0;
				TARGETED_DEVICE_FAMILY = "1,2";
			};
			name = Release;
		};
		088BC2DD2A5F807F00FEEDD7 /* Debug */ = {
			isa = XCBuildConfiguration;
			buildSettings = {
				ALWAYS_EMBED_SWIFT_STANDARD_LIBRARIES = YES;
				BUNDLE_LOADER = "$(TEST_HOST)";
				CODE_SIGN_STYLE = Automatic;
				CURRENT_PROJECT_VERSION = 1;
				DEVELOPMENT_TEAM = DMN3WLJC44;
				GENERATE_INFOPLIST_FILE = YES;
				IPHONEOS_DEPLOYMENT_TARGET = 16.4;
				MARKETING_VERSION = 1.0;
				PRODUCT_BUNDLE_IDENTIFIER = "Herskovitz.Nathan.Music-TrackerTests";
				PRODUCT_NAME = "$(TARGET_NAME)";
				SWIFT_EMIT_LOC_STRINGS = NO;
				SWIFT_VERSION = 5.0;
				TARGETED_DEVICE_FAMILY = "1,2";
				TEST_HOST = "$(BUILT_PRODUCTS_DIR)/Music Tracker.app/$(BUNDLE_EXECUTABLE_FOLDER_PATH)/Music Tracker";
			};
			name = Debug;
		};
		088BC2DE2A5F807F00FEEDD7 /* Release */ = {
			isa = XCBuildConfiguration;
			buildSettings = {
				ALWAYS_EMBED_SWIFT_STANDARD_LIBRARIES = YES;
				BUNDLE_LOADER = "$(TEST_HOST)";
				CODE_SIGN_STYLE = Automatic;
				CURRENT_PROJECT_VERSION = 1;
				DEVELOPMENT_TEAM = DMN3WLJC44;
				GENERATE_INFOPLIST_FILE = YES;
				IPHONEOS_DEPLOYMENT_TARGET = 16.4;
				MARKETING_VERSION = 1.0;
				PRODUCT_BUNDLE_IDENTIFIER = "Herskovitz.Nathan.Music-TrackerTests";
				PRODUCT_NAME = "$(TARGET_NAME)";
				SWIFT_EMIT_LOC_STRINGS = NO;
				SWIFT_VERSION = 5.0;
				TARGETED_DEVICE_FAMILY = "1,2";
				TEST_HOST = "$(BUILT_PRODUCTS_DIR)/Music Tracker.app/$(BUNDLE_EXECUTABLE_FOLDER_PATH)/Music Tracker";
			};
			name = Release;
		};
		088BC2E02A5F807F00FEEDD7 /* Debug */ = {
			isa = XCBuildConfiguration;
			buildSettings = {
				ALWAYS_EMBED_SWIFT_STANDARD_LIBRARIES = YES;
				CODE_SIGN_STYLE = Automatic;
				CURRENT_PROJECT_VERSION = 1;
				DEVELOPMENT_TEAM = DMN3WLJC44;
				GENERATE_INFOPLIST_FILE = YES;
				MARKETING_VERSION = 1.0;
				PRODUCT_BUNDLE_IDENTIFIER = "Herskovitz.Nathan.Music-TrackerUITests";
				PRODUCT_NAME = "$(TARGET_NAME)";
				SWIFT_EMIT_LOC_STRINGS = NO;
				SWIFT_VERSION = 5.0;
				TARGETED_DEVICE_FAMILY = "1,2";
				TEST_TARGET_NAME = "Music Tracker";
			};
			name = Debug;
		};
		088BC2E12A5F807F00FEEDD7 /* Release */ = {
			isa = XCBuildConfiguration;
			buildSettings = {
				ALWAYS_EMBED_SWIFT_STANDARD_LIBRARIES = YES;
				CODE_SIGN_STYLE = Automatic;
				CURRENT_PROJECT_VERSION = 1;
				DEVELOPMENT_TEAM = DMN3WLJC44;
				GENERATE_INFOPLIST_FILE = YES;
				MARKETING_VERSION = 1.0;
				PRODUCT_BUNDLE_IDENTIFIER = "Herskovitz.Nathan.Music-TrackerUITests";
				PRODUCT_NAME = "$(TARGET_NAME)";
				SWIFT_EMIT_LOC_STRINGS = NO;
				SWIFT_VERSION = 5.0;
				TARGETED_DEVICE_FAMILY = "1,2";
				TEST_TARGET_NAME = "Music Tracker";
			};
			name = Release;
		};
/* End XCBuildConfiguration section */

/* Begin XCConfigurationList section */
		088BC2B02A5F807E00FEEDD7 /* Build configuration list for PBXProject "Music Tracker" */ = {
			isa = XCConfigurationList;
			buildConfigurations = (
				088BC2D72A5F807F00FEEDD7 /* Debug */,
				088BC2D82A5F807F00FEEDD7 /* Release */,
			);
			defaultConfigurationIsVisible = 0;
			defaultConfigurationName = Release;
		};
		088BC2D92A5F807F00FEEDD7 /* Build configuration list for PBXNativeTarget "Music Tracker" */ = {
			isa = XCConfigurationList;
			buildConfigurations = (
				088BC2DA2A5F807F00FEEDD7 /* Debug */,
				088BC2DB2A5F807F00FEEDD7 /* Release */,
			);
			defaultConfigurationIsVisible = 0;
			defaultConfigurationName = Release;
		};
		088BC2DC2A5F807F00FEEDD7 /* Build configuration list for PBXNativeTarget "Music TrackerTests" */ = {
			isa = XCConfigurationList;
			buildConfigurations = (
				088BC2DD2A5F807F00FEEDD7 /* Debug */,
				088BC2DE2A5F807F00FEEDD7 /* Release */,
			);
			defaultConfigurationIsVisible = 0;
			defaultConfigurationName = Release;
		};
		088BC2DF2A5F807F00FEEDD7 /* Build configuration list for PBXNativeTarget "Music TrackerUITests" */ = {
			isa = XCConfigurationList;
			buildConfigurations = (
				088BC2E02A5F807F00FEEDD7 /* Debug */,
				088BC2E12A5F807F00FEEDD7 /* Release */,
			);
			defaultConfigurationIsVisible = 0;
			defaultConfigurationName = Release;
		};
/* End XCConfigurationList section */
	};
	rootObject = 088BC2AD2A5F807E00FEEDD7 /* Project object */;
}
